
Microsoft Visual Studio Solution File, Format Version 12.00
# Visual Studio Version 16
VisualStudioVersion = 16.0.29709.97
MinimumVisualStudioVersion = 10.0.40219.1
Project("{FAE04EC0-301F-11D3-BF4B-00C04F79EFBC}") = "stack", "stack\stack.csproj", "{D05FFE42-1D98-4ED6-BADF-BBCE51260F6C}"
EndProject
Global
	GlobalSection(SolutionConfigurationPlatforms) = preSolution
		Debug|Any CPU = Debug|Any CPU
		Release|Any CPU = Release|Any CPU
	EndGlobalSection
	GlobalSection(ProjectConfigurationPlatforms) = postSolution
		{D05FFE42-1D98-4ED6-BADF-BBCE51260F6C}.Debug|Any CPU.ActiveCfg = Debug|Any CPU
		{D05FFE42-1D98-4ED6-BADF-BBCE51260F6C}.Debug|Any CPU.Build.0 = Debug|Any CPU
		{D05FFE42-1D98-4ED6-BADF-BBCE51260F6C}.Release|Any CPU.ActiveCfg = Release|Any CPU
		{D05FFE42-1D98-4ED6-BADF-BBCE51260F6C}.Release|Any CPU.Build.0 = Release|Any CPU
	EndGlobalSection
	GlobalSection(SolutionProperties) = preSolution
		HideSolutionNode = FALSE
	EndGlobalSection
	GlobalSection(ExtensibilityGlobals) = postSolution
		SolutionGuid = {D49B50F6-B8D7-485E-90A2-C71FE27643DD}
	EndGlobalSection
EndGlobal
